
Microsoft Visual Studio Solution File, Format Version 12.00
# Visual Studio Version 17
VisualStudioVersion = 17.5.002.0
MinimumVisualStudioVersion = 10.0.40219.1
Project("{9A19103F-16F7-4668-BE54-9A1E7A4F7556}") = "RideOut", "RideOut.csproj", "{1FFD3978-9900-4937-85E5-49046005E846}"
EndProject
Global
	GlobalSection(SolutionConfigurationPlatforms) = preSolution
		Debug|Any CPU = Debug|Any CPU
		Release|Any CPU = Release|Any CPU
	EndGlobalSection
	GlobalSection(ProjectConfigurationPlatforms) = postSolution
		{1FFD3978-9900-4937-85E5-49046005E846}.Debug|Any CPU.ActiveCfg = Debug|Any CPU
		{1FFD3978-9900-4937-85E5-49046005E846}.Debug|Any CPU.Build.0 = Debug|Any CPU
		{1FFD3978-9900-4937-85E5-49046005E846}.Release|Any CPU.ActiveCfg = Release|Any CPU
		{1FFD3978-9900-4937-85E5-49046005E846}.Release|Any CPU.Build.0 = Release|Any CPU
	EndGlobalSection
	GlobalSection(SolutionProperties) = preSolution
		HideSolutionNode = FALSE
	EndGlobalSection
	GlobalSection(ExtensibilityGlobals) = postSolution
		SolutionGuid = {DFDF6657-F495-4D7F-9EF1-6B036062DEE9}
	EndGlobalSection
EndGlobal
